
Microsoft Visual Studio Solution File, Format Version 12.00
# Visual Studio Version 17
VisualStudioVersion = 17.4.33205.214
MinimumVisualStudioVersion = 10.0.40219.1
Project("{FAE04EC0-301F-11D3-BF4B-00C04F79EFBC}") = "AddObjectsToA3DChart", "AddObjectsToA3DChart\AddObjectsToA3DChart.csproj", "{54CE2F50-3C1E-430A-B0FA-1F22D30243F9}"
EndProject
Global
	GlobalSection(SolutionConfigurationPlatforms) = preSolution
		Debug|Any CPU = Debug|Any CPU
		Release|Any CPU = Release|Any CPU
	EndGlobalSection
	GlobalSection(ProjectConfigurationPlatforms) = postSolution
		{54CE2F50-3C1E-430A-B0FA-1F22D30243F9}.Debug|Any CPU.ActiveCfg = Debug|Any CPU
		{54CE2F50-3C1E-430A-B0FA-1F22D30243F9}.Debug|Any CPU.Build.0 = Debug|Any CPU
		{54CE2F50-3C1E-430A-B0FA-1F22D30243F9}.Release|Any CPU.ActiveCfg = Release|Any CPU
		{54CE2F50-3C1E-430A-B0FA-1F22D30243F9}.Release|Any CPU.Build.0 = Release|Any CPU
	EndGlobalSection
	GlobalSection(SolutionProperties) = preSolution
		HideSolutionNode = FALSE
	EndGlobalSection
	GlobalSection(ExtensibilityGlobals) = postSolution
		SolutionGuid = {1FE3A6FB-F580-4E05-8091-C30DE9A7677E}
	EndGlobalSection
EndGlobal
