
Microsoft Visual Studio Solution File, Format Version 12.00
# Visual Studio Version 16
VisualStudioVersion = 16.0.28729.10
MinimumVisualStudioVersion = 10.0.40219.1
Project("{FAE04EC0-301F-11D3-BF4B-00C04F79EFBC}") = "mirrored YAxis", "mirrored YAxis\mirrored YAxis.csproj", "{4B665A54-FC4D-404F-A602-264D87505463}"
EndProject
Global
	GlobalSection(SolutionConfigurationPlatforms) = preSolution
		Debug|Any CPU = Debug|Any CPU
		Release|Any CPU = Release|Any CPU
	EndGlobalSection
	GlobalSection(ProjectConfigurationPlatforms) = postSolution
		{4B665A54-FC4D-404F-A602-264D87505463}.Debug|Any CPU.ActiveCfg = Debug|Any CPU
		{4B665A54-FC4D-404F-A602-264D87505463}.Debug|Any CPU.Build.0 = Debug|Any CPU
		{4B665A54-FC4D-404F-A602-264D87505463}.Release|Any CPU.ActiveCfg = Release|Any CPU
		{4B665A54-FC4D-404F-A602-264D87505463}.Release|Any CPU.Build.0 = Release|Any CPU
	EndGlobalSection
	GlobalSection(SolutionProperties) = preSolution
		HideSolutionNode = FALSE
	EndGlobalSection
	GlobalSection(ExtensibilityGlobals) = postSolution
		SolutionGuid = {88E38BA8-E0BA-4EF6-B8EB-B6728003BB63}
	EndGlobalSection
EndGlobal
