
Microsoft Visual Studio Solution File, Format Version 12.00
# Visual Studio Version 16
VisualStudioVersion = 16.0.31402.337
MinimumVisualStudioVersion = 10.0.40219.1
Project("{FAE04EC0-301F-11D3-BF4B-00C04F79EFBC}") = "OffScreenExportExample", "OffScreenExportExample.csproj", "{2D49AF43-325C-440F-B08E-B4B8C2401BD2}"
EndProject
Global
	GlobalSection(SolutionConfigurationPlatforms) = preSolution
		Debug|Any CPU = Debug|Any CPU
		Release|Any CPU = Release|Any CPU
	EndGlobalSection
	GlobalSection(ProjectConfigurationPlatforms) = postSolution
		{2D49AF43-325C-440F-B08E-B4B8C2401BD2}.Debug|Any CPU.ActiveCfg = Debug|Any CPU
		{2D49AF43-325C-440F-B08E-B4B8C2401BD2}.Debug|Any CPU.Build.0 = Debug|Any CPU
		{2D49AF43-325C-440F-B08E-B4B8C2401BD2}.Release|Any CPU.ActiveCfg = Release|Any CPU
		{2D49AF43-325C-440F-B08E-B4B8C2401BD2}.Release|Any CPU.Build.0 = Release|Any CPU
	EndGlobalSection
	GlobalSection(SolutionProperties) = preSolution
		HideSolutionNode = FALSE
	EndGlobalSection
	GlobalSection(ExtensibilityGlobals) = postSolution
		SolutionGuid = {52947D46-0A55-495B-994A-5EE06F575872}
	EndGlobalSection
EndGlobal
