
Microsoft Visual Studio Solution File, Format Version 12.00
# Visual Studio Version 17
VisualStudioVersion = 17.7.34024.191
MinimumVisualStudioVersion = 10.0.40219.1
Project("{FAE04EC0-301F-11D3-BF4B-00C04F79EFBC}") = "MutipleAppDomainsExample", "MutipleAppDomainsExample.csproj", "{52BEF0C0-2052-4197-84F4-019E044781B0}"
EndProject
Global
	GlobalSection(SolutionConfigurationPlatforms) = preSolution
		Debug|Any CPU = Debug|Any CPU
		Release|Any CPU = Release|Any CPU
	EndGlobalSection
	GlobalSection(ProjectConfigurationPlatforms) = postSolution
		{52BEF0C0-2052-4197-84F4-019E044781B0}.Debug|Any CPU.ActiveCfg = Debug|Any CPU
		{52BEF0C0-2052-4197-84F4-019E044781B0}.Debug|Any CPU.Build.0 = Debug|Any CPU
		{52BEF0C0-2052-4197-84F4-019E044781B0}.Release|Any CPU.ActiveCfg = Release|Any CPU
		{52BEF0C0-2052-4197-84F4-019E044781B0}.Release|Any CPU.Build.0 = Release|Any CPU
	EndGlobalSection
	GlobalSection(SolutionProperties) = preSolution
		HideSolutionNode = FALSE
	EndGlobalSection
	GlobalSection(ExtensibilityGlobals) = postSolution
		SolutionGuid = {9FF7F8C0-440D-4B26-872D-A5C687584629}
	EndGlobalSection
EndGlobal
