
Microsoft Visual Studio Solution File, Format Version 12.00
# Visual Studio Version 16
VisualStudioVersion = 16.0.29709.97
MinimumVisualStudioVersion = 10.0.40219.1
Project("{FAE04EC0-301F-11D3-BF4B-00C04F79EFBC}") = "LabelIndividualStylingColoring", "LabelIndividualStylingColoring.csproj", "{0E2ECDBA-6747-45CD-92AD-A930B67890D3}"
EndProject
Global
	GlobalSection(SolutionConfigurationPlatforms) = preSolution
		Debug|Any CPU = Debug|Any CPU
		Release|Any CPU = Release|Any CPU
	EndGlobalSection
	GlobalSection(ProjectConfigurationPlatforms) = postSolution
		{0E2ECDBA-6747-45CD-92AD-A930B67890D3}.Debug|Any CPU.ActiveCfg = Debug|Any CPU
		{0E2ECDBA-6747-45CD-92AD-A930B67890D3}.Debug|Any CPU.Build.0 = Debug|Any CPU
		{0E2ECDBA-6747-45CD-92AD-A930B67890D3}.Release|Any CPU.ActiveCfg = Release|Any CPU
		{0E2ECDBA-6747-45CD-92AD-A930B67890D3}.Release|Any CPU.Build.0 = Release|Any CPU
	EndGlobalSection
	GlobalSection(SolutionProperties) = preSolution
		HideSolutionNode = FALSE
	EndGlobalSection
	GlobalSection(ExtensibilityGlobals) = postSolution
		SolutionGuid = {4EADA1F5-75D0-4A21-9064-4D215B356356}
	EndGlobalSection
EndGlobal
