
Microsoft Visual Studio Solution File, Format Version 12.00
# Visual Studio Version 16
VisualStudioVersion = 16.0.29519.87
MinimumVisualStudioVersion = 10.0.40219.1
Project("{FAE04EC0-301F-11D3-BF4B-00C04F79EFBC}") = "Licensing Test App", "WpfApplication1\Licensing Test App.csproj", "{5CA135F5-85A2-4EDC-8C4D-9AE58CD17284}"
EndProject
Global
	GlobalSection(SolutionConfigurationPlatforms) = preSolution
		Debug|Any CPU = Debug|Any CPU
		Release|Any CPU = Release|Any CPU
	EndGlobalSection
	GlobalSection(ProjectConfigurationPlatforms) = postSolution
		{5CA135F5-85A2-4EDC-8C4D-9AE58CD17284}.Debug|Any CPU.ActiveCfg = Debug|Any CPU
		{5CA135F5-85A2-4EDC-8C4D-9AE58CD17284}.Debug|Any CPU.Build.0 = Debug|Any CPU
		{5CA135F5-85A2-4EDC-8C4D-9AE58CD17284}.Release|Any CPU.ActiveCfg = Release|Any CPU
		{5CA135F5-85A2-4EDC-8C4D-9AE58CD17284}.Release|Any CPU.Build.0 = Release|Any CPU
	EndGlobalSection
	GlobalSection(SolutionProperties) = preSolution
		HideSolutionNode = FALSE
	EndGlobalSection
	GlobalSection(ExtensibilityGlobals) = postSolution
		SolutionGuid = {F4DD679D-7C50-4F45-8A16-86F97158A71C}
	EndGlobalSection
EndGlobal
