
Microsoft Visual Studio Solution File, Format Version 12.00
# Visual Studio Version 16
VisualStudioVersion = 16.0.31402.337
MinimumVisualStudioVersion = 10.0.40219.1
Project("{FAE04EC0-301F-11D3-BF4B-00C04F79EFBC}") = "MouseEventsOnAnnotations", "MouseEventsOnAnnotations.csproj", "{968F3CEC-4AA1-4B7E-BD42-D2E7E091F42D}"
EndProject
Global
	GlobalSection(SolutionConfigurationPlatforms) = preSolution
		Debug|Any CPU = Debug|Any CPU
		Release|Any CPU = Release|Any CPU
	EndGlobalSection
	GlobalSection(ProjectConfigurationPlatforms) = postSolution
		{968F3CEC-4AA1-4B7E-BD42-D2E7E091F42D}.Debug|Any CPU.ActiveCfg = Debug|Any CPU
		{968F3CEC-4AA1-4B7E-BD42-D2E7E091F42D}.Debug|Any CPU.Build.0 = Debug|Any CPU
		{968F3CEC-4AA1-4B7E-BD42-D2E7E091F42D}.Release|Any CPU.ActiveCfg = Release|Any CPU
		{968F3CEC-4AA1-4B7E-BD42-D2E7E091F42D}.Release|Any CPU.Build.0 = Release|Any CPU
	EndGlobalSection
	GlobalSection(SolutionProperties) = preSolution
		HideSolutionNode = FALSE
	EndGlobalSection
	GlobalSection(ExtensibilityGlobals) = postSolution
		SolutionGuid = {588F2A21-7882-4F6D-82C0-9FD7658B5DD9}
	EndGlobalSection
EndGlobal
