
Microsoft Visual Studio Solution File, Format Version 12.00
# Visual Studio Version 16
VisualStudioVersion = 16.0.29503.13
MinimumVisualStudioVersion = 10.0.40219.1
Project("{9A19103F-16F7-4668-BE54-9A1E7A4F7556}") = "SciChart.Examples", "SciChart.Examples\SciChart.Examples.csproj", "{52AF4E20-50EA-4C0F-9E5C-057613BAB9A7}"
EndProject
Project("{9A19103F-16F7-4668-BE54-9A1E7A4F7556}") = "SciChart.Examples.Demo", "SciChart.Examples.Demo\SciChart.Examples.Demo.csproj", "{B4F1752F-A1E0-4D2C-A900-9A1BE6997828}"
EndProject
Project("{9A19103F-16F7-4668-BE54-9A1E7A4F7556}") = "SciChart.Examples.ExternalDependencies", "SciChart.Examples.ExternalDependencies\SciChart.Examples.ExternalDependencies.csproj", "{113EBB05-8D70-4B05-BB73-121A552A5754}"
EndProject
Project("{FAE04EC0-301F-11D3-BF4B-00C04F79EFBC}") = "SciChart.Examples.Demo.SmokeTests", "SciChart.Examples.Demo.SmokeTests\SciChart.Examples.Demo.SmokeTests.csproj", "{D84AFEC6-7942-4C57-AD80-96E7D33E7E34}"
EndProject
Project("{2150E333-8FDC-42A3-9474-1A3956D46DE8}") = "Tests", "Tests", "{E41F6E99-EC57-4C6E-B87F-765BC11E905F}"
EndProject
Project("{2150E333-8FDC-42A3-9474-1A3956D46DE8}") = "Examples", "Examples", "{314261F5-3C44-4165-BB75-1648E93EDC86}"
EndProject
Global
	GlobalSection(SolutionConfigurationPlatforms) = preSolution
		Debug|Any CPU = Debug|Any CPU
		Debug|x64 = Debug|x64
		Debug|x86 = Debug|x86
		Release|Any CPU = Release|Any CPU
		Release|x64 = Release|x64
		Release|x86 = Release|x86
	EndGlobalSection
	GlobalSection(ProjectConfigurationPlatforms) = postSolution
		{52AF4E20-50EA-4C0F-9E5C-057613BAB9A7}.Debug|Any CPU.ActiveCfg = Debug|Any CPU
		{52AF4E20-50EA-4C0F-9E5C-057613BAB9A7}.Debug|Any CPU.Build.0 = Debug|Any CPU
		{52AF4E20-50EA-4C0F-9E5C-057613BAB9A7}.Debug|x64.ActiveCfg = Debug|Any CPU
		{52AF4E20-50EA-4C0F-9E5C-057613BAB9A7}.Debug|x64.Build.0 = Debug|Any CPU
		{52AF4E20-50EA-4C0F-9E5C-057613BAB9A7}.Debug|x86.ActiveCfg = Debug|Any CPU
		{52AF4E20-50EA-4C0F-9E5C-057613BAB9A7}.Debug|x86.Build.0 = Debug|Any CPU
		{52AF4E20-50EA-4C0F-9E5C-057613BAB9A7}.Release|Any CPU.ActiveCfg = Release|Any CPU
		{52AF4E20-50EA-4C0F-9E5C-057613BAB9A7}.Release|Any CPU.Build.0 = Release|Any CPU
		{52AF4E20-50EA-4C0F-9E5C-057613BAB9A7}.Release|x64.ActiveCfg = Release|Any CPU
		{52AF4E20-50EA-4C0F-9E5C-057613BAB9A7}.Release|x64.Build.0 = Release|Any CPU
		{52AF4E20-50EA-4C0F-9E5C-057613BAB9A7}.Release|x86.ActiveCfg = Release|Any CPU
		{52AF4E20-50EA-4C0F-9E5C-057613BAB9A7}.Release|x86.Build.0 = Release|Any CPU
		{B4F1752F-A1E0-4D2C-A900-9A1BE6997828}.Debug|Any CPU.ActiveCfg = Debug|Any CPU
		{B4F1752F-A1E0-4D2C-A900-9A1BE6997828}.Debug|Any CPU.Build.0 = Debug|Any CPU
		{B4F1752F-A1E0-4D2C-A900-9A1BE6997828}.Debug|x64.ActiveCfg = Debug|Any CPU
		{B4F1752F-A1E0-4D2C-A900-9A1BE6997828}.Debug|x64.Build.0 = Debug|Any CPU
		{B4F1752F-A1E0-4D2C-A900-9A1BE6997828}.Debug|x86.ActiveCfg = Debug|Any CPU
		{B4F1752F-A1E0-4D2C-A900-9A1BE6997828}.Debug|x86.Build.0 = Debug|Any CPU
		{B4F1752F-A1E0-4D2C-A900-9A1BE6997828}.Release|Any CPU.ActiveCfg = Release|Any CPU
		{B4F1752F-A1E0-4D2C-A900-9A1BE6997828}.Release|Any CPU.Build.0 = Release|Any CPU
		{B4F1752F-A1E0-4D2C-A900-9A1BE6997828}.Release|x64.ActiveCfg = Release|Any CPU
		{B4F1752F-A1E0-4D2C-A900-9A1BE6997828}.Release|x64.Build.0 = Release|Any CPU
		{B4F1752F-A1E0-4D2C-A900-9A1BE6997828}.Release|x86.ActiveCfg = Release|Any CPU
		{B4F1752F-A1E0-4D2C-A900-9A1BE6997828}.Release|x86.Build.0 = Release|Any CPU
		{113EBB05-8D70-4B05-BB73-121A552A5754}.Debug|Any CPU.ActiveCfg = Debug|Any CPU
		{113EBB05-8D70-4B05-BB73-121A552A5754}.Debug|Any CPU.Build.0 = Debug|Any CPU
		{113EBB05-8D70-4B05-BB73-121A552A5754}.Debug|x64.ActiveCfg = Debug|Any CPU
		{113EBB05-8D70-4B05-BB73-121A552A5754}.Debug|x64.Build.0 = Debug|Any CPU
		{113EBB05-8D70-4B05-BB73-121A552A5754}.Debug|x86.ActiveCfg = Debug|Any CPU
		{113EBB05-8D70-4B05-BB73-121A552A5754}.Debug|x86.Build.0 = Debug|Any CPU
		{113EBB05-8D70-4B05-BB73-121A552A5754}.Release|Any CPU.ActiveCfg = Release|Any CPU
		{113EBB05-8D70-4B05-BB73-121A552A5754}.Release|Any CPU.Build.0 = Release|Any CPU
		{113EBB05-8D70-4B05-BB73-121A552A5754}.Release|x64.ActiveCfg = Release|Any CPU
		{113EBB05-8D70-4B05-BB73-121A552A5754}.Release|x64.Build.0 = Release|Any CPU
		{113EBB05-8D70-4B05-BB73-121A552A5754}.Release|x86.ActiveCfg = Release|Any CPU
		{113EBB05-8D70-4B05-BB73-121A552A5754}.Release|x86.Build.0 = Release|Any CPU
		{D84AFEC6-7942-4C57-AD80-96E7D33E7E34}.Debug|Any CPU.ActiveCfg = Debug|Any CPU
		{D84AFEC6-7942-4C57-AD80-96E7D33E7E34}.Debug|Any CPU.Build.0 = Debug|Any CPU
		{D84AFEC6-7942-4C57-AD80-96E7D33E7E34}.Debug|x64.ActiveCfg = Debug|Any CPU
		{D84AFEC6-7942-4C57-AD80-96E7D33E7E34}.Debug|x64.Build.0 = Debug|Any CPU
		{D84AFEC6-7942-4C57-AD80-96E7D33E7E34}.Debug|x86.ActiveCfg = Debug|Any CPU
		{D84AFEC6-7942-4C57-AD80-96E7D33E7E34}.Debug|x86.Build.0 = Debug|Any CPU
		{D84AFEC6-7942-4C57-AD80-96E7D33E7E34}.Release|Any CPU.ActiveCfg = Release|Any CPU
		{D84AFEC6-7942-4C57-AD80-96E7D33E7E34}.Release|Any CPU.Build.0 = Release|Any CPU
		{D84AFEC6-7942-4C57-AD80-96E7D33E7E34}.Release|x64.ActiveCfg = Release|Any CPU
		{D84AFEC6-7942-4C57-AD80-96E7D33E7E34}.Release|x64.Build.0 = Release|Any CPU
		{D84AFEC6-7942-4C57-AD80-96E7D33E7E34}.Release|x86.ActiveCfg = Release|Any CPU
		{D84AFEC6-7942-4C57-AD80-96E7D33E7E34}.Release|x86.Build.0 = Release|Any CPU
	EndGlobalSection
	GlobalSection(SolutionProperties) = preSolution
		HideSolutionNode = FALSE
	EndGlobalSection
	GlobalSection(NestedProjects) = preSolution
		{52AF4E20-50EA-4C0F-9E5C-057613BAB9A7} = {314261F5-3C44-4165-BB75-1648E93EDC86}
		{B4F1752F-A1E0-4D2C-A900-9A1BE6997828} = {314261F5-3C44-4165-BB75-1648E93EDC86}
		{113EBB05-8D70-4B05-BB73-121A552A5754} = {314261F5-3C44-4165-BB75-1648E93EDC86}
		{D84AFEC6-7942-4C57-AD80-96E7D33E7E34} = {E41F6E99-EC57-4C6E-B87F-765BC11E905F}
	EndGlobalSection
	GlobalSection(ExtensibilityGlobals) = postSolution
		SolutionGuid = {D56E8533-1D16-4600-B0AD-0CB245D3F8F6}
	EndGlobalSection
EndGlobal
