
Microsoft Visual Studio Solution File, Format Version 12.00
# Visual Studio Version 16
VisualStudioVersion = 16.0.31402.337
MinimumVisualStudioVersion = 10.0.40219.1
Project("{FAE04EC0-301F-11D3-BF4B-00C04F79EFBC}") = "Tutorial 08 Multiple Axis", "Tutorial 08 Multiple Axis.csproj", "{1672F756-B065-40BC-BE97-B3E5E26A2C31}"
EndProject
Global
	GlobalSection(SolutionConfigurationPlatforms) = preSolution
		Debug|Any CPU = Debug|Any CPU
		Release|Any CPU = Release|Any CPU
	EndGlobalSection
	GlobalSection(ProjectConfigurationPlatforms) = postSolution
		{1672F756-B065-40BC-BE97-B3E5E26A2C31}.Debug|Any CPU.ActiveCfg = Debug|Any CPU
		{1672F756-B065-40BC-BE97-B3E5E26A2C31}.Debug|Any CPU.Build.0 = Debug|Any CPU
		{1672F756-B065-40BC-BE97-B3E5E26A2C31}.Release|Any CPU.ActiveCfg = Release|Any CPU
		{1672F756-B065-40BC-BE97-B3E5E26A2C31}.Release|Any CPU.Build.0 = Release|Any CPU
	EndGlobalSection
	GlobalSection(SolutionProperties) = preSolution
		HideSolutionNode = FALSE
	EndGlobalSection
	GlobalSection(ExtensibilityGlobals) = postSolution
		SolutionGuid = {377315F9-1792-4DFA-BC04-032DF03F8C9C}
	EndGlobalSection
EndGlobal
