
Microsoft Visual Studio Solution File, Format Version 12.00
# Visual Studio Version 17
VisualStudioVersion = 17.7.34024.191
MinimumVisualStudioVersion = 10.0.40219.1
Project("{9A19103F-16F7-4668-BE54-9A1E7A4F7556}") = "Tutorial 04 Adding Zooming Panning Behavior", "Tutorial 04 Adding Zooming Panning Behavior.csproj", "{6E886F1B-0206-47E1-A513-22428AB8E53E}"
EndProject
Global
	GlobalSection(SolutionConfigurationPlatforms) = preSolution
		Debug|Any CPU = Debug|Any CPU
		Release|Any CPU = Release|Any CPU
	EndGlobalSection
	GlobalSection(ProjectConfigurationPlatforms) = postSolution
		{6E886F1B-0206-47E1-A513-22428AB8E53E}.Debug|Any CPU.ActiveCfg = Debug|Any CPU
		{6E886F1B-0206-47E1-A513-22428AB8E53E}.Debug|Any CPU.Build.0 = Debug|Any CPU
		{6E886F1B-0206-47E1-A513-22428AB8E53E}.Release|Any CPU.ActiveCfg = Release|Any CPU
		{6E886F1B-0206-47E1-A513-22428AB8E53E}.Release|Any CPU.Build.0 = Release|Any CPU
	EndGlobalSection
	GlobalSection(SolutionProperties) = preSolution
		HideSolutionNode = FALSE
	EndGlobalSection
	GlobalSection(ExtensibilityGlobals) = postSolution
		SolutionGuid = {4A0B2BF0-5458-4264-A2CD-5F18052BD977}
	EndGlobalSection
EndGlobal
