
Microsoft Visual Studio Solution File, Format Version 12.00
# Visual Studio Version 16
VisualStudioVersion = 16.0.30128.74
MinimumVisualStudioVersion = 10.0.40219.1
Project("{FAE04EC0-301F-11D3-BF4B-00C04F79EFBC}") = "MutipleUIThreadExample", "MutipleUIThreadExample.csproj", "{515BBBBA-04C3-4BF4-9D41-00CF5A5F7434}"
EndProject
Global
	GlobalSection(SolutionConfigurationPlatforms) = preSolution
		Debug|Any CPU = Debug|Any CPU
		Release|Any CPU = Release|Any CPU
	EndGlobalSection
	GlobalSection(ProjectConfigurationPlatforms) = postSolution
		{515BBBBA-04C3-4BF4-9D41-00CF5A5F7434}.Debug|Any CPU.ActiveCfg = Debug|Any CPU
		{515BBBBA-04C3-4BF4-9D41-00CF5A5F7434}.Debug|Any CPU.Build.0 = Debug|Any CPU
		{515BBBBA-04C3-4BF4-9D41-00CF5A5F7434}.Release|Any CPU.ActiveCfg = Release|Any CPU
		{515BBBBA-04C3-4BF4-9D41-00CF5A5F7434}.Release|Any CPU.Build.0 = Release|Any CPU
	EndGlobalSection
	GlobalSection(SolutionProperties) = preSolution
		HideSolutionNode = FALSE
	EndGlobalSection
	GlobalSection(ExtensibilityGlobals) = postSolution
		SolutionGuid = {9923DAAB-DEFF-405B-AB8C-806ACFB3EF82}
	EndGlobalSection
EndGlobal
