
Microsoft Visual Studio Solution File, Format Version 12.00
# Visual Studio Version 16
VisualStudioVersion = 16.0.32630.194
MinimumVisualStudioVersion = 10.0.40219.1
Project("{FAE04EC0-301F-11D3-BF4B-00C04F79EFBC}") = "WpfApp1", "WpfApp1\WpfApp1.csproj", "{7E5100D9-B611-425D-908E-8E547BFC5511}"
EndProject
Global
	GlobalSection(SolutionConfigurationPlatforms) = preSolution
		Debug|Any CPU = Debug|Any CPU
		Release|Any CPU = Release|Any CPU
	EndGlobalSection
	GlobalSection(ProjectConfigurationPlatforms) = postSolution
		{7E5100D9-B611-425D-908E-8E547BFC5511}.Debug|Any CPU.ActiveCfg = Debug|Any CPU
		{7E5100D9-B611-425D-908E-8E547BFC5511}.Debug|Any CPU.Build.0 = Debug|Any CPU
		{7E5100D9-B611-425D-908E-8E547BFC5511}.Release|Any CPU.ActiveCfg = Release|Any CPU
		{7E5100D9-B611-425D-908E-8E547BFC5511}.Release|Any CPU.Build.0 = Release|Any CPU
	EndGlobalSection
	GlobalSection(SolutionProperties) = preSolution
		HideSolutionNode = FALSE
	EndGlobalSection
	GlobalSection(ExtensibilityGlobals) = postSolution
		SolutionGuid = {A876D8D0-1043-42FE-A8DB-DF343D026464}
	EndGlobalSection
EndGlobal
