
Microsoft Visual Studio Solution File, Format Version 12.00
# Visual Studio Version 16
VisualStudioVersion = 16.0.30204.135
MinimumVisualStudioVersion = 10.0.40219.1
Project("{FAE04EC0-301F-11D3-BF4B-00C04F79EFBC}") = "Lidar3DPointCloudDemo", "Lidar3DPointCloudDemo.csproj", "{3C7959C9-F824-46C8-B797-84E5EFAC2965}"
EndProject
Global
	GlobalSection(SolutionConfigurationPlatforms) = preSolution
		Debug|Any CPU = Debug|Any CPU
		Release|Any CPU = Release|Any CPU
	EndGlobalSection
	GlobalSection(ProjectConfigurationPlatforms) = postSolution
		{3C7959C9-F824-46C8-B797-84E5EFAC2965}.Debug|Any CPU.ActiveCfg = Debug|Any CPU
		{3C7959C9-F824-46C8-B797-84E5EFAC2965}.Debug|Any CPU.Build.0 = Debug|Any CPU
		{3C7959C9-F824-46C8-B797-84E5EFAC2965}.Release|Any CPU.ActiveCfg = Release|Any CPU
		{3C7959C9-F824-46C8-B797-84E5EFAC2965}.Release|Any CPU.Build.0 = Release|Any CPU
	EndGlobalSection
	GlobalSection(SolutionProperties) = preSolution
		HideSolutionNode = FALSE
	EndGlobalSection
	GlobalSection(ExtensibilityGlobals) = postSolution
		SolutionGuid = {7046E338-14EF-400C-9EE7-F8F329EA6E3A}
	EndGlobalSection
EndGlobal
