
Microsoft Visual Studio Solution File, Format Version 12.00
# Visual Studio Version 16
VisualStudioVersion = 16.0.32413.511
MinimumVisualStudioVersion = 10.0.40219.1
Project("{FAE04EC0-301F-11D3-BF4B-00C04F79EFBC}") = "AxisMvvmApplyStyle", "AxisMvvmApplyStyle\AxisMvvmApplyStyle.csproj", "{54B5CAE5-D104-4364-AD05-B194E96022B5}"
EndProject
Global
	GlobalSection(SolutionConfigurationPlatforms) = preSolution
		Debug|Any CPU = Debug|Any CPU
		Release|Any CPU = Release|Any CPU
	EndGlobalSection
	GlobalSection(ProjectConfigurationPlatforms) = postSolution
		{54B5CAE5-D104-4364-AD05-B194E96022B5}.Debug|Any CPU.ActiveCfg = Debug|Any CPU
		{54B5CAE5-D104-4364-AD05-B194E96022B5}.Debug|Any CPU.Build.0 = Debug|Any CPU
		{54B5CAE5-D104-4364-AD05-B194E96022B5}.Release|Any CPU.ActiveCfg = Release|Any CPU
		{54B5CAE5-D104-4364-AD05-B194E96022B5}.Release|Any CPU.Build.0 = Release|Any CPU
	EndGlobalSection
	GlobalSection(SolutionProperties) = preSolution
		HideSolutionNode = FALSE
	EndGlobalSection
	GlobalSection(ExtensibilityGlobals) = postSolution
		SolutionGuid = {4C205AF5-6020-4087-BE18-328A63AACF2F}
	EndGlobalSection
EndGlobal
